// !$*UTF8*$!
{
	archiveVersion = 1;
	classes = {
	};
	objectVersion = 56;
	objects = {

/* Begin PBXBuildFile section */
		2410F71A2B5596D200860BA4 /* ViewControllerExtensions.swift in Sources */ = {isa = PBXBuildFile; fileRef = 2410F7192B5596D200860BA4 /* ViewControllerExtensions.swift */; };
		2410F71D2B55970F00860BA4 /* RootNavigationController.swift in Sources */ = {isa = PBXBuildFile; fileRef = 2410F71C2B55970F00860BA4 /* RootNavigationController.swift */; };
		2410F71F2B55972F00860BA4 /* RootNavigationControllerTests.swift in Sources */ = {isa = PBXBuildFile; fileRef = 2410F71E2B55972F00860BA4 /* RootNavigationControllerTests.swift */; };
		24240EDD2B486EB10082CCD3 /* PlayerSetupPositionTableViewCell.swift in Sources */ = {isa = PBXBuildFile; fileRef = 24240EDB2B486EB10082CCD3 /* PlayerSetupPositionTableViewCell.swift */; };
		24240EDE2B486EB10082CCD3 /* PlayerSetupPositionTableViewCell.xib in Resources */ = {isa = PBXBuildFile; fileRef = 24240EDC2B486EB10082CCD3 /* PlayerSetupPositionTableViewCell.xib */; };
		2426156A2B59C4500092B145 /* ScoreboardViewController.swift in Sources */ = {isa = PBXBuildFile; fileRef = 242615692B59C4500092B145 /* ScoreboardViewController.swift */; };
		2426156E2B59DF360092B145 /* UITableViewExtensions.swift in Sources */ = {isa = PBXBuildFile; fileRef = 2426156D2B59DF360092B145 /* UITableViewExtensions.swift */; };
		242615702B59E0BF0092B145 /* UITableViewExtensionsTests.swift in Sources */ = {isa = PBXBuildFile; fileRef = 2426156F2B59E0BF0092B145 /* UITableViewExtensionsTests.swift */; };
		243228CE2B4DB48900C42C62 /* PlayerSetupPlayerTableViewCell.swift in Sources */ = {isa = PBXBuildFile; fileRef = 243228CC2B4DB48900C42C62 /* PlayerSetupPlayerTableViewCell.swift */; };
		243228CF2B4DB48900C42C62 /* PlayerSetupPlayerTableViewCell.xib in Resources */ = {isa = PBXBuildFile; fileRef = 243228CD2B4DB48900C42C62 /* PlayerSetupPlayerTableViewCell.xib */; };
		243228D42B4DBCD700C42C62 /* PlayerTests.swift in Sources */ = {isa = PBXBuildFile; fileRef = 243228D32B4DBCD700C42C62 /* PlayerTests.swift */; };
		243228D72B4DBD8600C42C62 /* Player.swift in Sources */ = {isa = PBXBuildFile; fileRef = 243228D12B4DBC8C00C42C62 /* Player.swift */; };
		243228D92B4EEE2800C42C62 /* PlayerSetupPlayerTableViewCellTests.swift in Sources */ = {isa = PBXBuildFile; fileRef = 243228D82B4EEE2800C42C62 /* PlayerSetupPlayerTableViewCellTests.swift */; };
		243228E12B4EFC3000C42C62 /* DismissingTextFieldDelegateTests.swift in Sources */ = {isa = PBXBuildFile; fileRef = 243228E02B4EFC3000C42C62 /* DismissingTextFieldDelegateTests.swift */; };
		243228E22B4EFD1100C42C62 /* DismissingTextFieldDelegate.swift in Sources */ = {isa = PBXBuildFile; fileRef = 243228DE2B4EFC0A00C42C62 /* DismissingTextFieldDelegate.swift */; };
		2437F6E32B40AAE000BB75A1 /* AppDelegate.swift in Sources */ = {isa = PBXBuildFile; fileRef = 2437F6E22B40AAE000BB75A1 /* AppDelegate.swift */; };
		2437F6E52B40AAE000BB75A1 /* SceneDelegate.swift in Sources */ = {isa = PBXBuildFile; fileRef = 2437F6E42B40AAE000BB75A1 /* SceneDelegate.swift */; };
		2437F6EA2B40AAE000BB75A1 /* Main.storyboard in Resources */ = {isa = PBXBuildFile; fileRef = 2437F6E82B40AAE000BB75A1 /* Main.storyboard */; };
		2437F6EC2B40AAE100BB75A1 /* Assets.xcassets in Resources */ = {isa = PBXBuildFile; fileRef = 2437F6EB2B40AAE100BB75A1 /* Assets.xcassets */; };
		2437F6EF2B40AAE100BB75A1 /* LaunchScreen.storyboard in Resources */ = {isa = PBXBuildFile; fileRef = 2437F6ED2B40AAE100BB75A1 /* LaunchScreen.storyboard */; };
		2437F6F72B40BA6600BB75A1 /* HomeViewController.swift in Sources */ = {isa = PBXBuildFile; fileRef = 2437F6F62B40BA6600BB75A1 /* HomeViewController.swift */; };
		2437F7072B40BB1B00BB75A1 /* HomeViewControllerTests.swift in Sources */ = {isa = PBXBuildFile; fileRef = 2437F6F82B40BABF00BB75A1 /* HomeViewControllerTests.swift */; };
		2437F70A2B40BF2F00BB75A1 /* GeneralMocks.swift in Sources */ = {isa = PBXBuildFile; fileRef = 2437F7092B40BF2F00BB75A1 /* GeneralMocks.swift */; };
		2437F70B2B40BF2F00BB75A1 /* GeneralMocks.swift in Sources */ = {isa = PBXBuildFile; fileRef = 2437F7092B40BF2F00BB75A1 /* GeneralMocks.swift */; };
		2437F70F2B40C09500BB75A1 /* GameSetupViewController.swift in Sources */ = {isa = PBXBuildFile; fileRef = 2437F70E2B40C09500BB75A1 /* GameSetupViewController.swift */; };
		2437F7112B40C0AA00BB75A1 /* GameSetupViewControllerTests.swift in Sources */ = {isa = PBXBuildFile; fileRef = 2437F7102B40C0AA00BB75A1 /* GameSetupViewControllerTests.swift */; };
		2437F7182B40C3BC00BB75A1 /* Poppins-Bold.ttf in Resources */ = {isa = PBXBuildFile; fileRef = 2437F7142B40C3BC00BB75A1 /* Poppins-Bold.ttf */; };
		2437F7192B40C3BC00BB75A1 /* Poppins-Medium.ttf in Resources */ = {isa = PBXBuildFile; fileRef = 2437F7152B40C3BC00BB75A1 /* Poppins-Medium.ttf */; };
		2437F71A2B40C3BC00BB75A1 /* Poppins-SemiBold.ttf in Resources */ = {isa = PBXBuildFile; fileRef = 2437F7162B40C3BC00BB75A1 /* Poppins-SemiBold.ttf */; };
		2437F71B2B40C3BC00BB75A1 /* Poppins-Regular.ttf in Resources */ = {isa = PBXBuildFile; fileRef = 2437F7172B40C3BC00BB75A1 /* Poppins-Regular.ttf */; };
		2437F71F2B40D11500BB75A1 /* GameSetupViewModel.swift in Sources */ = {isa = PBXBuildFile; fileRef = 2437F71E2B40D11500BB75A1 /* GameSetupViewModel.swift */; };
		2437F7212B40D12200BB75A1 /* GameSetupViewModelTests.swift in Sources */ = {isa = PBXBuildFile; fileRef = 2437F7202B40D12200BB75A1 /* GameSetupViewModelTests.swift */; };
		2437F7242B40D32800BB75A1 /* GameSettings.swift in Sources */ = {isa = PBXBuildFile; fileRef = 2437F7232B40D32800BB75A1 /* GameSettings.swift */; };
		244A46362B5AD8DF0033199F /* ScoreboardViewControllerTests.swift in Sources */ = {isa = PBXBuildFile; fileRef = 244A46352B5AD8DF0033199F /* ScoreboardViewControllerTests.swift */; };
		244A46392B5AD9C60033199F /* ScoreboardViewModel.swift in Sources */ = {isa = PBXBuildFile; fileRef = 244A46382B5AD9C60033199F /* ScoreboardViewModel.swift */; };
		244A463B2B5AD9CE0033199F /* ScoreboardViewModelTests.swift in Sources */ = {isa = PBXBuildFile; fileRef = 244A463A2B5AD9CE0033199F /* ScoreboardViewModelTests.swift */; };
		24A4233C2B45B8420047CCD3 /* PlayerSetupViewModel.swift in Sources */ = {isa = PBXBuildFile; fileRef = 24A4233B2B45B8420047CCD3 /* PlayerSetupViewModel.swift */; };
		24A4233E2B45B84B0047CCD3 /* PlayerSetupViewModelTests.swift in Sources */ = {isa = PBXBuildFile; fileRef = 24A4233D2B45B84B0047CCD3 /* PlayerSetupViewModelTests.swift */; };
		24A423412B45BDFB0047CCD3 /* PlayerSetupPlayerTableViewDelegate.swift in Sources */ = {isa = PBXBuildFile; fileRef = 24A423402B45BDFB0047CCD3 /* PlayerSetupPlayerTableViewDelegate.swift */; };
		24A423432B45BE050047CCD3 /* PlayerSetupPlayerTableViewDelegateTests.swift in Sources */ = {isa = PBXBuildFile; fileRef = 24A423422B45BE050047CCD3 /* PlayerSetupPlayerTableViewDelegateTests.swift */; };
		24A423462B45BF390047CCD3 /* PlayerSetupPositionTableViewDelegateTests.swift in Sources */ = {isa = PBXBuildFile; fileRef = 24A423452B45BF390047CCD3 /* PlayerSetupPositionTableViewDelegateTests.swift */; };
		24A423482B45BF3F0047CCD3 /* PlayerSetupPositionTableViewDelegate.swift in Sources */ = {isa = PBXBuildFile; fileRef = 24A423472B45BF3F0047CCD3 /* PlayerSetupPositionTableViewDelegate.swift */; };
		24BD233E2B56DE9E000FCBE4 /* ArrayExtensions.swift in Sources */ = {isa = PBXBuildFile; fileRef = 24BD233D2B56DE9E000FCBE4 /* ArrayExtensions.swift */; };
		24BD23432B56DFF4000FCBE4 /* ArrayExtensionsTests.swift in Sources */ = {isa = PBXBuildFile; fileRef = 24BD23422B56DFF4000FCBE4 /* ArrayExtensionsTests.swift */; };
		24D68E182B505FB700AD35AC /* PlayerSetupNameTextFieldDelegate.swift in Sources */ = {isa = PBXBuildFile; fileRef = 24D68E172B505FB700AD35AC /* PlayerSetupNameTextFieldDelegate.swift */; };
		24D68E1A2B505FCD00AD35AC /* PlayerSetupNameTextFieldDelegateTests.swift in Sources */ = {isa = PBXBuildFile; fileRef = 24D68E192B505FCD00AD35AC /* PlayerSetupNameTextFieldDelegateTests.swift */; };
		24DAC6B72B52F1C90069C7C9 /* Whats The Score Tests.xctestplan in Resources */ = {isa = PBXBuildFile; fileRef = 24DAC6B62B52F1C90069C7C9 /* Whats The Score Tests.xctestplan */; };
		24EC1D7C2B44CC600060D27D /* PlayerSetupViewController.swift in Sources */ = {isa = PBXBuildFile; fileRef = 24EC1D7B2B44CC600060D27D /* PlayerSetupViewController.swift */; };
		24EC1D7E2B44CC6F0060D27D /* PlayerSetupViewControllerTests.swift in Sources */ = {isa = PBXBuildFile; fileRef = 24EC1D7D2B44CC6F0060D27D /* PlayerSetupViewControllerTests.swift */; };
		9D2D388E6EBDB0E728332E42 /* Pods_Whats_The_Score.framework in Frameworks */ = {isa = PBXBuildFile; fileRef = CFB3D71FC7484F9F7B4F53D5 /* Pods_Whats_The_Score.framework */; };
		A43E59C3381D74773C52E34F /* Pods_Whats_The_Score_Tests.framework in Frameworks */ = {isa = PBXBuildFile; fileRef = C52C8F117C0FEDFA6DA5EBD1 /* Pods_Whats_The_Score_Tests.framework */; };
/* End PBXBuildFile section */

/* Begin PBXContainerItemProxy section */
		2437F7022B40BB1500BB75A1 /* PBXContainerItemProxy */ = {
			isa = PBXContainerItemProxy;
			containerPortal = 2437F6D72B40AAE000BB75A1 /* Project object */;
			proxyType = 1;
			remoteGlobalIDString = 2437F6DE2B40AAE000BB75A1;
			remoteInfo = "What's The Score";
		};
/* End PBXContainerItemProxy section */

/* Begin PBXFileReference section */
		2410F7192B5596D200860BA4 /* ViewControllerExtensions.swift */ = {isa = PBXFileReference; lastKnownFileType = sourcecode.swift; path = ViewControllerExtensions.swift; sourceTree = "<group>"; };
		2410F71C2B55970F00860BA4 /* RootNavigationController.swift */ = {isa = PBXFileReference; lastKnownFileType = sourcecode.swift; path = RootNavigationController.swift; sourceTree = "<group>"; };
		2410F71E2B55972F00860BA4 /* RootNavigationControllerTests.swift */ = {isa = PBXFileReference; lastKnownFileType = sourcecode.swift; path = RootNavigationControllerTests.swift; sourceTree = "<group>"; };
		24240EDB2B486EB10082CCD3 /* PlayerSetupPositionTableViewCell.swift */ = {isa = PBXFileReference; lastKnownFileType = sourcecode.swift; path = PlayerSetupPositionTableViewCell.swift; sourceTree = "<group>"; };
		24240EDC2B486EB10082CCD3 /* PlayerSetupPositionTableViewCell.xib */ = {isa = PBXFileReference; lastKnownFileType = file.xib; path = PlayerSetupPositionTableViewCell.xib; sourceTree = "<group>"; };
		242615692B59C4500092B145 /* ScoreboardViewController.swift */ = {isa = PBXFileReference; lastKnownFileType = sourcecode.swift; path = ScoreboardViewController.swift; sourceTree = "<group>"; };
		2426156D2B59DF360092B145 /* UITableViewExtensions.swift */ = {isa = PBXFileReference; lastKnownFileType = sourcecode.swift; path = UITableViewExtensions.swift; sourceTree = "<group>"; };
		2426156F2B59E0BF0092B145 /* UITableViewExtensionsTests.swift */ = {isa = PBXFileReference; lastKnownFileType = sourcecode.swift; path = UITableViewExtensionsTests.swift; sourceTree = "<group>"; };
		243228CC2B4DB48900C42C62 /* PlayerSetupPlayerTableViewCell.swift */ = {isa = PBXFileReference; lastKnownFileType = sourcecode.swift; path = PlayerSetupPlayerTableViewCell.swift; sourceTree = "<group>"; };
		243228CD2B4DB48900C42C62 /* PlayerSetupPlayerTableViewCell.xib */ = {isa = PBXFileReference; lastKnownFileType = file.xib; path = PlayerSetupPlayerTableViewCell.xib; sourceTree = "<group>"; };
		243228D12B4DBC8C00C42C62 /* Player.swift */ = {isa = PBXFileReference; lastKnownFileType = sourcecode.swift; path = Player.swift; sourceTree = "<group>"; };
		243228D32B4DBCD700C42C62 /* PlayerTests.swift */ = {isa = PBXFileReference; lastKnownFileType = sourcecode.swift; path = PlayerTests.swift; sourceTree = "<group>"; };
		243228D82B4EEE2800C42C62 /* PlayerSetupPlayerTableViewCellTests.swift */ = {isa = PBXFileReference; lastKnownFileType = sourcecode.swift; path = PlayerSetupPlayerTableViewCellTests.swift; sourceTree = "<group>"; };
		243228DE2B4EFC0A00C42C62 /* DismissingTextFieldDelegate.swift */ = {isa = PBXFileReference; lastKnownFileType = sourcecode.swift; path = DismissingTextFieldDelegate.swift; sourceTree = "<group>"; };
		243228E02B4EFC3000C42C62 /* DismissingTextFieldDelegateTests.swift */ = {isa = PBXFileReference; lastKnownFileType = sourcecode.swift; path = DismissingTextFieldDelegateTests.swift; sourceTree = "<group>"; };
		2437F6DF2B40AAE000BB75A1 /* Whats The Score.app */ = {isa = PBXFileReference; explicitFileType = wrapper.application; includeInIndex = 0; path = "Whats The Score.app"; sourceTree = BUILT_PRODUCTS_DIR; };
		2437F6E22B40AAE000BB75A1 /* AppDelegate.swift */ = {isa = PBXFileReference; lastKnownFileType = sourcecode.swift; path = AppDelegate.swift; sourceTree = "<group>"; };
		2437F6E42B40AAE000BB75A1 /* SceneDelegate.swift */ = {isa = PBXFileReference; lastKnownFileType = sourcecode.swift; path = SceneDelegate.swift; sourceTree = "<group>"; };
		2437F6E92B40AAE000BB75A1 /* Base */ = {isa = PBXFileReference; lastKnownFileType = file.storyboard; name = Base; path = Base.lproj/Main.storyboard; sourceTree = "<group>"; };
		2437F6EB2B40AAE100BB75A1 /* Assets.xcassets */ = {isa = PBXFileReference; lastKnownFileType = folder.assetcatalog; path = Assets.xcassets; sourceTree = "<group>"; };
		2437F6EE2B40AAE100BB75A1 /* Base */ = {isa = PBXFileReference; lastKnownFileType = file.storyboard; name = Base; path = Base.lproj/LaunchScreen.storyboard; sourceTree = "<group>"; };
		2437F6F62B40BA6600BB75A1 /* HomeViewController.swift */ = {isa = PBXFileReference; lastKnownFileType = sourcecode.swift; path = HomeViewController.swift; sourceTree = "<group>"; };
		2437F6F82B40BABF00BB75A1 /* HomeViewControllerTests.swift */ = {isa = PBXFileReference; lastKnownFileType = sourcecode.swift; path = HomeViewControllerTests.swift; sourceTree = "<group>"; };
		2437F6FE2B40BB1500BB75A1 /* Whats The Score Tests.xctest */ = {isa = PBXFileReference; explicitFileType = wrapper.cfbundle; includeInIndex = 0; path = "Whats The Score Tests.xctest"; sourceTree = BUILT_PRODUCTS_DIR; };
		2437F7092B40BF2F00BB75A1 /* GeneralMocks.swift */ = {isa = PBXFileReference; lastKnownFileType = sourcecode.swift; path = GeneralMocks.swift; sourceTree = "<group>"; };
		2437F70E2B40C09500BB75A1 /* GameSetupViewController.swift */ = {isa = PBXFileReference; lastKnownFileType = sourcecode.swift; path = GameSetupViewController.swift; sourceTree = "<group>"; };
		2437F7102B40C0AA00BB75A1 /* GameSetupViewControllerTests.swift */ = {isa = PBXFileReference; lastKnownFileType = sourcecode.swift; path = GameSetupViewControllerTests.swift; sourceTree = "<group>"; };
		2437F7142B40C3BC00BB75A1 /* Poppins-Bold.ttf */ = {isa = PBXFileReference; lastKnownFileType = file; path = "Poppins-Bold.ttf"; sourceTree = "<group>"; };
		2437F7152B40C3BC00BB75A1 /* Poppins-Medium.ttf */ = {isa = PBXFileReference; lastKnownFileType = file; path = "Poppins-Medium.ttf"; sourceTree = "<group>"; };
		2437F7162B40C3BC00BB75A1 /* Poppins-SemiBold.ttf */ = {isa = PBXFileReference; lastKnownFileType = file; path = "Poppins-SemiBold.ttf"; sourceTree = "<group>"; };
		2437F7172B40C3BC00BB75A1 /* Poppins-Regular.ttf */ = {isa = PBXFileReference; lastKnownFileType = file; path = "Poppins-Regular.ttf"; sourceTree = "<group>"; };
		2437F71E2B40D11500BB75A1 /* GameSetupViewModel.swift */ = {isa = PBXFileReference; lastKnownFileType = sourcecode.swift; path = GameSetupViewModel.swift; sourceTree = "<group>"; };
		2437F7202B40D12200BB75A1 /* GameSetupViewModelTests.swift */ = {isa = PBXFileReference; lastKnownFileType = sourcecode.swift; path = GameSetupViewModelTests.swift; sourceTree = "<group>"; };
		2437F7232B40D32800BB75A1 /* GameSettings.swift */ = {isa = PBXFileReference; lastKnownFileType = sourcecode.swift; path = GameSettings.swift; sourceTree = "<group>"; };
		244A46352B5AD8DF0033199F /* ScoreboardViewControllerTests.swift */ = {isa = PBXFileReference; lastKnownFileType = sourcecode.swift; path = ScoreboardViewControllerTests.swift; sourceTree = "<group>"; };
		244A46382B5AD9C60033199F /* ScoreboardViewModel.swift */ = {isa = PBXFileReference; lastKnownFileType = sourcecode.swift; path = ScoreboardViewModel.swift; sourceTree = "<group>"; };
		244A463A2B5AD9CE0033199F /* ScoreboardViewModelTests.swift */ = {isa = PBXFileReference; lastKnownFileType = sourcecode.swift; path = ScoreboardViewModelTests.swift; sourceTree = "<group>"; };
		24A4233B2B45B8420047CCD3 /* PlayerSetupViewModel.swift */ = {isa = PBXFileReference; lastKnownFileType = sourcecode.swift; path = PlayerSetupViewModel.swift; sourceTree = "<group>"; };
		24A4233D2B45B84B0047CCD3 /* PlayerSetupViewModelTests.swift */ = {isa = PBXFileReference; lastKnownFileType = sourcecode.swift; path = PlayerSetupViewModelTests.swift; sourceTree = "<group>"; };
		24A423402B45BDFB0047CCD3 /* PlayerSetupPlayerTableViewDelegate.swift */ = {isa = PBXFileReference; lastKnownFileType = sourcecode.swift; path = PlayerSetupPlayerTableViewDelegate.swift; sourceTree = "<group>"; };
		24A423422B45BE050047CCD3 /* PlayerSetupPlayerTableViewDelegateTests.swift */ = {isa = PBXFileReference; lastKnownFileType = sourcecode.swift; path = PlayerSetupPlayerTableViewDelegateTests.swift; sourceTree = "<group>"; };
		24A423452B45BF390047CCD3 /* PlayerSetupPositionTableViewDelegateTests.swift */ = {isa = PBXFileReference; lastKnownFileType = sourcecode.swift; path = PlayerSetupPositionTableViewDelegateTests.swift; sourceTree = "<group>"; };
		24A423472B45BF3F0047CCD3 /* PlayerSetupPositionTableViewDelegate.swift */ = {isa = PBXFileReference; lastKnownFileType = sourcecode.swift; path = PlayerSetupPositionTableViewDelegate.swift; sourceTree = "<group>"; };
		24B89C582B52E66C005FD953 /* Info.plist */ = {isa = PBXFileReference; lastKnownFileType = text.plist.xml; path = Info.plist; sourceTree = "<group>"; };
		24BD233D2B56DE9E000FCBE4 /* ArrayExtensions.swift */ = {isa = PBXFileReference; lastKnownFileType = sourcecode.swift; path = ArrayExtensions.swift; sourceTree = "<group>"; };
		24BD23422B56DFF4000FCBE4 /* ArrayExtensionsTests.swift */ = {isa = PBXFileReference; lastKnownFileType = sourcecode.swift; path = ArrayExtensionsTests.swift; sourceTree = "<group>"; };
		24D68E172B505FB700AD35AC /* PlayerSetupNameTextFieldDelegate.swift */ = {isa = PBXFileReference; lastKnownFileType = sourcecode.swift; path = PlayerSetupNameTextFieldDelegate.swift; sourceTree = "<group>"; };
		24D68E192B505FCD00AD35AC /* PlayerSetupNameTextFieldDelegateTests.swift */ = {isa = PBXFileReference; lastKnownFileType = sourcecode.swift; path = PlayerSetupNameTextFieldDelegateTests.swift; sourceTree = "<group>"; };
		24DAC6B62B52F1C90069C7C9 /* Whats The Score Tests.xctestplan */ = {isa = PBXFileReference; lastKnownFileType = text; path = "Whats The Score Tests.xctestplan"; sourceTree = SOURCE_ROOT; };
		24EC1D7B2B44CC600060D27D /* PlayerSetupViewController.swift */ = {isa = PBXFileReference; lastKnownFileType = sourcecode.swift; path = PlayerSetupViewController.swift; sourceTree = "<group>"; };
		24EC1D7D2B44CC6F0060D27D /* PlayerSetupViewControllerTests.swift */ = {isa = PBXFileReference; lastKnownFileType = sourcecode.swift; path = PlayerSetupViewControllerTests.swift; sourceTree = "<group>"; };
		4F0EB3F0D4A8B52B3402D807 /* Pods-Whats The Score.debug.xcconfig */ = {isa = PBXFileReference; includeInIndex = 1; lastKnownFileType = text.xcconfig; name = "Pods-Whats The Score.debug.xcconfig"; path = "Target Support Files/Pods-Whats The Score/Pods-Whats The Score.debug.xcconfig"; sourceTree = "<group>"; };
		5E23E379F3019C31CB9C4FD9 /* Pods-Whats The Score Tests.debug.xcconfig */ = {isa = PBXFileReference; includeInIndex = 1; lastKnownFileType = text.xcconfig; name = "Pods-Whats The Score Tests.debug.xcconfig"; path = "Target Support Files/Pods-Whats The Score Tests/Pods-Whats The Score Tests.debug.xcconfig"; sourceTree = "<group>"; };
		9AC74366CAA063ABF7248ADA /* Pods-Whats The Score.release.xcconfig */ = {isa = PBXFileReference; includeInIndex = 1; lastKnownFileType = text.xcconfig; name = "Pods-Whats The Score.release.xcconfig"; path = "Target Support Files/Pods-Whats The Score/Pods-Whats The Score.release.xcconfig"; sourceTree = "<group>"; };
		C52C8F117C0FEDFA6DA5EBD1 /* Pods_Whats_The_Score_Tests.framework */ = {isa = PBXFileReference; explicitFileType = wrapper.framework; includeInIndex = 0; path = Pods_Whats_The_Score_Tests.framework; sourceTree = BUILT_PRODUCTS_DIR; };
		CFB3D71FC7484F9F7B4F53D5 /* Pods_Whats_The_Score.framework */ = {isa = PBXFileReference; explicitFileType = wrapper.framework; includeInIndex = 0; path = Pods_Whats_The_Score.framework; sourceTree = BUILT_PRODUCTS_DIR; };
		DFB82E9C1E6D0AF22EE0C5E0 /* Pods-Whats The Score Tests.release.xcconfig */ = {isa = PBXFileReference; includeInIndex = 1; lastKnownFileType = text.xcconfig; name = "Pods-Whats The Score Tests.release.xcconfig"; path = "Target Support Files/Pods-Whats The Score Tests/Pods-Whats The Score Tests.release.xcconfig"; sourceTree = "<group>"; };
/* End PBXFileReference section */

/* Begin PBXFrameworksBuildPhase section */
		2437F6DC2B40AAE000BB75A1 /* Frameworks */ = {
			isa = PBXFrameworksBuildPhase;
			buildActionMask = 2147483647;
			files = (
				9D2D388E6EBDB0E728332E42 /* Pods_Whats_The_Score.framework in Frameworks */,
			);
			runOnlyForDeploymentPostprocessing = 0;
		};
		2437F6FB2B40BB1500BB75A1 /* Frameworks */ = {
			isa = PBXFrameworksBuildPhase;
			buildActionMask = 2147483647;
			files = (
				A43E59C3381D74773C52E34F /* Pods_Whats_The_Score_Tests.framework in Frameworks */,
			);
			runOnlyForDeploymentPostprocessing = 0;
		};
/* End PBXFrameworksBuildPhase section */

/* Begin PBXGroup section */
		2410F7182B5596BB00860BA4 /* Extensions */ = {
			isa = PBXGroup;
			children = (
				2410F7192B5596D200860BA4 /* ViewControllerExtensions.swift */,
				24BD233F2B56DFAB000FCBE4 /* ArrayExtensions */,
				2426156C2B59DEF50092B145 /* UITableViewExtensions */,
			);
			path = Extensions;
			sourceTree = "<group>";
		};
		2410F71B2B5596F000860BA4 /* RootNavigationController */ = {
			isa = PBXGroup;
			children = (
				2410F71C2B55970F00860BA4 /* RootNavigationController.swift */,
				2410F71E2B55972F00860BA4 /* RootNavigationControllerTests.swift */,
			);
			path = RootNavigationController;
			sourceTree = "<group>";
		};
		24240EDF2B486EB70082CCD3 /* PlayerSetupPositionTableViewCell */ = {
			isa = PBXGroup;
			children = (
				24240EDB2B486EB10082CCD3 /* PlayerSetupPositionTableViewCell.swift */,
				24240EDC2B486EB10082CCD3 /* PlayerSetupPositionTableViewCell.xib */,
			);
			path = PlayerSetupPositionTableViewCell;
			sourceTree = "<group>";
		};
		242615672B59C4270092B145 /* Scoreboard */ = {
			isa = PBXGroup;
			children = (
				244A46372B5AD9BF0033199F /* ScoreboardViewModel */,
				242615682B59C4370092B145 /* ScoreboardViewController */,
			);
			path = Scoreboard;
			sourceTree = "<group>";
		};
		242615682B59C4370092B145 /* ScoreboardViewController */ = {
			isa = PBXGroup;
			children = (
				242615692B59C4500092B145 /* ScoreboardViewController.swift */,
				244A46352B5AD8DF0033199F /* ScoreboardViewControllerTests.swift */,
			);
			path = ScoreboardViewController;
			sourceTree = "<group>";
		};
		2426156C2B59DEF50092B145 /* UITableViewExtensions */ = {
			isa = PBXGroup;
			children = (
				2426156D2B59DF360092B145 /* UITableViewExtensions.swift */,
				2426156F2B59E0BF0092B145 /* UITableViewExtensionsTests.swift */,
			);
			path = UITableViewExtensions;
			sourceTree = "<group>";
		};
		243228D02B4DB48F00C42C62 /* PlayerSetupPlayerTableViewCell */ = {
			isa = PBXGroup;
			children = (
				24D68E162B505F9A00AD35AC /* PlayerSetupNameTextFieldDelegate */,
				24D68E152B505F8C00AD35AC /* TableViewCell */,
			);
			path = PlayerSetupPlayerTableViewCell;
			sourceTree = "<group>";
		};
		243228D52B4DBCDB00C42C62 /* Player */ = {
			isa = PBXGroup;
			children = (
				243228D12B4DBC8C00C42C62 /* Player.swift */,
				243228D32B4DBCD700C42C62 /* PlayerTests.swift */,
			);
			path = Player;
			sourceTree = "<group>";
		};
		243228DA2B4EF9EA00C42C62 /* HelperClasses */ = {
			isa = PBXGroup;
			children = (
				243228DD2B4EFC0A00C42C62 /* DismissingTextFieldDelegate */,
			);
			path = HelperClasses;
			sourceTree = "<group>";
		};
		243228DD2B4EFC0A00C42C62 /* DismissingTextFieldDelegate */ = {
			isa = PBXGroup;
			children = (
				243228DE2B4EFC0A00C42C62 /* DismissingTextFieldDelegate.swift */,
				243228E02B4EFC3000C42C62 /* DismissingTextFieldDelegateTests.swift */,
			);
			path = DismissingTextFieldDelegate;
			sourceTree = "<group>";
		};
		2437F6D62B40AAE000BB75A1 = {
			isa = PBXGroup;
			children = (
				2437F6E12B40AAE000BB75A1 /* Whats The Score */,
				24DAC6B62B52F1C90069C7C9 /* Whats The Score Tests.xctestplan */,
				2437F6E02B40AAE000BB75A1 /* Products */,
				DE0714C3B8F81D1070E8FFC4 /* Pods */,
				B083BAEB1E7E38F04F1104E7 /* Frameworks */,
			);
			sourceTree = "<group>";
		};
		2437F6E02B40AAE000BB75A1 /* Products */ = {
			isa = PBXGroup;
			children = (
				2437F6DF2B40AAE000BB75A1 /* Whats The Score.app */,
				2437F6FE2B40BB1500BB75A1 /* Whats The Score Tests.xctest */,
			);
			name = Products;
			sourceTree = "<group>";
		};
		2437F6E12B40AAE000BB75A1 /* Whats The Score */ = {
			isa = PBXGroup;
			children = (
				2437F6E22B40AAE000BB75A1 /* AppDelegate.swift */,
				2437F6E42B40AAE000BB75A1 /* SceneDelegate.swift */,
				2410F71B2B5596F000860BA4 /* RootNavigationController */,
				2437F70C2B40C06100BB75A1 /* HomeViewController */,
				2437F71C2B40D0F600BB75A1 /* GameSetup */,
				24EC1D792B44CAA40060D27D /* PlayerSetup */,
				242615672B59C4270092B145 /* Scoreboard */,
				2437F7222B40D31500BB75A1 /* Model */,
				243228DA2B4EF9EA00C42C62 /* HelperClasses */,
				2410F7182B5596BB00860BA4 /* Extensions */,
				2437F7082B40BEF000BB75A1 /* Testing */,
				2437F6E82B40AAE000BB75A1 /* Main.storyboard */,
				24B89C582B52E66C005FD953 /* Info.plist */,
				2437F6EB2B40AAE100BB75A1 /* Assets.xcassets */,
				2437F6ED2B40AAE100BB75A1 /* LaunchScreen.storyboard */,
				2437F7122B40C3A800BB75A1 /* Fonts */,
			);
			path = "Whats The Score";
			sourceTree = "<group>";
		};
		2437F7082B40BEF000BB75A1 /* Testing */ = {
			isa = PBXGroup;
			children = (
				2437F7092B40BF2F00BB75A1 /* GeneralMocks.swift */,
			);
			path = Testing;
			sourceTree = "<group>";
		};
		2437F70C2B40C06100BB75A1 /* HomeViewController */ = {
			isa = PBXGroup;
			children = (
				2437F6F62B40BA6600BB75A1 /* HomeViewController.swift */,
				2437F6F82B40BABF00BB75A1 /* HomeViewControllerTests.swift */,
			);
			path = HomeViewController;
			sourceTree = "<group>";
		};
		2437F70D2B40C07200BB75A1 /* GameSetupViewController */ = {
			isa = PBXGroup;
			children = (
				2437F70E2B40C09500BB75A1 /* GameSetupViewController.swift */,
				2437F7102B40C0AA00BB75A1 /* GameSetupViewControllerTests.swift */,
			);
			path = GameSetupViewController;
			sourceTree = "<group>";
		};
		2437F7122B40C3A800BB75A1 /* Fonts */ = {
			isa = PBXGroup;
			children = (
				2437F7132B40C3AF00BB75A1 /* Poppins */,
			);
			path = Fonts;
			sourceTree = "<group>";
		};
		2437F7132B40C3AF00BB75A1 /* Poppins */ = {
			isa = PBXGroup;
			children = (
				2437F7142B40C3BC00BB75A1 /* Poppins-Bold.ttf */,
				2437F7152B40C3BC00BB75A1 /* Poppins-Medium.ttf */,
				2437F7172B40C3BC00BB75A1 /* Poppins-Regular.ttf */,
				2437F7162B40C3BC00BB75A1 /* Poppins-SemiBold.ttf */,
			);
			path = Poppins;
			sourceTree = "<group>";
		};
		2437F71C2B40D0F600BB75A1 /* GameSetup */ = {
			isa = PBXGroup;
			children = (
				2437F71D2B40D10500BB75A1 /* GameSetupViewModel */,
				2437F70D2B40C07200BB75A1 /* GameSetupViewController */,
			);
			path = GameSetup;
			sourceTree = "<group>";
		};
		2437F71D2B40D10500BB75A1 /* GameSetupViewModel */ = {
			isa = PBXGroup;
			children = (
				2437F71E2B40D11500BB75A1 /* GameSetupViewModel.swift */,
				2437F7202B40D12200BB75A1 /* GameSetupViewModelTests.swift */,
			);
			path = GameSetupViewModel;
			sourceTree = "<group>";
		};
		2437F7222B40D31500BB75A1 /* Model */ = {
			isa = PBXGroup;
			children = (
				2437F7232B40D32800BB75A1 /* GameSettings.swift */,
				243228D52B4DBCDB00C42C62 /* Player */,
			);
			path = Model;
			sourceTree = "<group>";
		};
		244A46372B5AD9BF0033199F /* ScoreboardViewModel */ = {
			isa = PBXGroup;
			children = (
				244A46382B5AD9C60033199F /* ScoreboardViewModel.swift */,
				244A463A2B5AD9CE0033199F /* ScoreboardViewModelTests.swift */,
			);
			path = ScoreboardViewModel;
			sourceTree = "<group>";
		};
		24A4233A2B45B8320047CCD3 /* PlayerSetupViewModel */ = {
			isa = PBXGroup;
			children = (
				24A4233B2B45B8420047CCD3 /* PlayerSetupViewModel.swift */,
				24A4233D2B45B84B0047CCD3 /* PlayerSetupViewModelTests.swift */,
			);
			path = PlayerSetupViewModel;
			sourceTree = "<group>";
		};
		24A4233F2B45BDDB0047CCD3 /* PlayerSetupPlayerTableViewDelegate */ = {
			isa = PBXGroup;
			children = (
				24A423402B45BDFB0047CCD3 /* PlayerSetupPlayerTableViewDelegate.swift */,
				24A423422B45BE050047CCD3 /* PlayerSetupPlayerTableViewDelegateTests.swift */,
			);
			path = PlayerSetupPlayerTableViewDelegate;
			sourceTree = "<group>";
		};
		24A423442B45BF220047CCD3 /* PlayerSetupPositionTableViewDelegate */ = {
			isa = PBXGroup;
			children = (
				24A423472B45BF3F0047CCD3 /* PlayerSetupPositionTableViewDelegate.swift */,
				24A423452B45BF390047CCD3 /* PlayerSetupPositionTableViewDelegateTests.swift */,
			);
			path = PlayerSetupPositionTableViewDelegate;
			sourceTree = "<group>";
		};
		24BD233F2B56DFAB000FCBE4 /* ArrayExtensions */ = {
			isa = PBXGroup;
			children = (
				24BD233D2B56DE9E000FCBE4 /* ArrayExtensions.swift */,
				24BD23422B56DFF4000FCBE4 /* ArrayExtensionsTests.swift */,
			);
			path = ArrayExtensions;
			sourceTree = "<group>";
		};
		24D68E152B505F8C00AD35AC /* TableViewCell */ = {
			isa = PBXGroup;
			children = (
				243228CC2B4DB48900C42C62 /* PlayerSetupPlayerTableViewCell.swift */,
				243228D82B4EEE2800C42C62 /* PlayerSetupPlayerTableViewCellTests.swift */,
				243228CD2B4DB48900C42C62 /* PlayerSetupPlayerTableViewCell.xib */,
			);
			path = TableViewCell;
			sourceTree = "<group>";
		};
		24D68E162B505F9A00AD35AC /* PlayerSetupNameTextFieldDelegate */ = {
			isa = PBXGroup;
			children = (
				24D68E172B505FB700AD35AC /* PlayerSetupNameTextFieldDelegate.swift */,
				24D68E192B505FCD00AD35AC /* PlayerSetupNameTextFieldDelegateTests.swift */,
			);
			path = PlayerSetupNameTextFieldDelegate;
			sourceTree = "<group>";
		};
		24EC1D792B44CAA40060D27D /* PlayerSetup */ = {
			isa = PBXGroup;
			children = (
				24A4233A2B45B8320047CCD3 /* PlayerSetupViewModel */,
				24EC1D7A2B44CC280060D27D /* PlayerSetupViewController */,
				24A423442B45BF220047CCD3 /* PlayerSetupPositionTableViewDelegate */,
				24240EDF2B486EB70082CCD3 /* PlayerSetupPositionTableViewCell */,
				24A4233F2B45BDDB0047CCD3 /* PlayerSetupPlayerTableViewDelegate */,
				243228D02B4DB48F00C42C62 /* PlayerSetupPlayerTableViewCell */,
			);
			path = PlayerSetup;
			sourceTree = "<group>";
		};
		24EC1D7A2B44CC280060D27D /* PlayerSetupViewController */ = {
			isa = PBXGroup;
			children = (
				24EC1D7B2B44CC600060D27D /* PlayerSetupViewController.swift */,
				24EC1D7D2B44CC6F0060D27D /* PlayerSetupViewControllerTests.swift */,
			);
			path = PlayerSetupViewController;
			sourceTree = "<group>";
		};
		B083BAEB1E7E38F04F1104E7 /* Frameworks */ = {
			isa = PBXGroup;
			children = (
				CFB3D71FC7484F9F7B4F53D5 /* Pods_Whats_The_Score.framework */,
				C52C8F117C0FEDFA6DA5EBD1 /* Pods_Whats_The_Score_Tests.framework */,
			);
			name = Frameworks;
			sourceTree = "<group>";
		};
		DE0714C3B8F81D1070E8FFC4 /* Pods */ = {
			isa = PBXGroup;
			children = (
				4F0EB3F0D4A8B52B3402D807 /* Pods-Whats The Score.debug.xcconfig */,
				9AC74366CAA063ABF7248ADA /* Pods-Whats The Score.release.xcconfig */,
				5E23E379F3019C31CB9C4FD9 /* Pods-Whats The Score Tests.debug.xcconfig */,
				DFB82E9C1E6D0AF22EE0C5E0 /* Pods-Whats The Score Tests.release.xcconfig */,
			);
			path = Pods;
			sourceTree = "<group>";
		};
/* End PBXGroup section */

/* Begin PBXNativeTarget section */
		2437F6DE2B40AAE000BB75A1 /* Whats The Score */ = {
			isa = PBXNativeTarget;
			buildConfigurationList = 2437F6F32B40AAE100BB75A1 /* Build configuration list for PBXNativeTarget "Whats The Score" */;
			buildPhases = (
				4214FB06A01E1F1734FDA97F /* [CP] Check Pods Manifest.lock */,
				2437F6DB2B40AAE000BB75A1 /* Sources */,
				2437F6DC2B40AAE000BB75A1 /* Frameworks */,
				2437F6DD2B40AAE000BB75A1 /* Resources */,
				242029EB2B520C15004F89EB /* ShellScript */,
			);
			buildRules = (
			);
			dependencies = (
			);
			name = "Whats The Score";
			productName = "What's The Score";
			productReference = 2437F6DF2B40AAE000BB75A1 /* Whats The Score.app */;
			productType = "com.apple.product-type.application";
		};
		2437F6FD2B40BB1500BB75A1 /* Whats The Score Tests */ = {
			isa = PBXNativeTarget;
			buildConfigurationList = 2437F7042B40BB1500BB75A1 /* Build configuration list for PBXNativeTarget "Whats The Score Tests" */;
			buildPhases = (
				1CEA8E82FAA38743A9076A87 /* [CP] Check Pods Manifest.lock */,
				2437F6FA2B40BB1500BB75A1 /* Sources */,
				2437F6FB2B40BB1500BB75A1 /* Frameworks */,
				2437F6FC2B40BB1500BB75A1 /* Resources */,
			);
			buildRules = (
			);
			dependencies = (
				2437F7032B40BB1500BB75A1 /* PBXTargetDependency */,
			);
			name = "Whats The Score Tests";
			productName = "What's The Score Tests";
			productReference = 2437F6FE2B40BB1500BB75A1 /* Whats The Score Tests.xctest */;
			productType = "com.apple.product-type.bundle.unit-test";
		};
/* End PBXNativeTarget section */

/* Begin PBXProject section */
		2437F6D72B40AAE000BB75A1 /* Project object */ = {
			isa = PBXProject;
			attributes = {
				BuildIndependentTargetsInParallel = 1;
				LastSwiftUpdateCheck = 1420;
				LastUpgradeCheck = 1510;
				TargetAttributes = {
					2437F6DE2B40AAE000BB75A1 = {
						CreatedOnToolsVersion = 14.2;
					};
					2437F6FD2B40BB1500BB75A1 = {
						CreatedOnToolsVersion = 14.2;
						TestTargetID = 2437F6DE2B40AAE000BB75A1;
					};
				};
			};
			buildConfigurationList = 2437F6DA2B40AAE000BB75A1 /* Build configuration list for PBXProject "Whats The Score" */;
			compatibilityVersion = "Xcode 14.0";
			developmentRegion = en;
			hasScannedForEncodings = 0;
			knownRegions = (
				en,
				Base,
			);
			mainGroup = 2437F6D62B40AAE000BB75A1;
			productRefGroup = 2437F6E02B40AAE000BB75A1 /* Products */;
			projectDirPath = "";
			projectRoot = "";
			targets = (
				2437F6DE2B40AAE000BB75A1 /* Whats The Score */,
				2437F6FD2B40BB1500BB75A1 /* Whats The Score Tests */,
			);
		};
/* End PBXProject section */

/* Begin PBXResourcesBuildPhase section */
		2437F6DD2B40AAE000BB75A1 /* Resources */ = {
			isa = PBXResourcesBuildPhase;
			buildActionMask = 2147483647;
			files = (
				2437F6EF2B40AAE100BB75A1 /* LaunchScreen.storyboard in Resources */,
				2437F6EC2B40AAE100BB75A1 /* Assets.xcassets in Resources */,
				2437F71B2B40C3BC00BB75A1 /* Poppins-Regular.ttf in Resources */,
				243228CF2B4DB48900C42C62 /* PlayerSetupPlayerTableViewCell.xib in Resources */,
				24240EDE2B486EB10082CCD3 /* PlayerSetupPositionTableViewCell.xib in Resources */,
				2437F6EA2B40AAE000BB75A1 /* Main.storyboard in Resources */,
				2437F71A2B40C3BC00BB75A1 /* Poppins-SemiBold.ttf in Resources */,
				2437F7182B40C3BC00BB75A1 /* Poppins-Bold.ttf in Resources */,
				2437F7192B40C3BC00BB75A1 /* Poppins-Medium.ttf in Resources */,
			);
			runOnlyForDeploymentPostprocessing = 0;
		};
		2437F6FC2B40BB1500BB75A1 /* Resources */ = {
			isa = PBXResourcesBuildPhase;
			buildActionMask = 2147483647;
			files = (
				24DAC6B72B52F1C90069C7C9 /* Whats The Score Tests.xctestplan in Resources */,
			);
			runOnlyForDeploymentPostprocessing = 0;
		};
/* End PBXResourcesBuildPhase section */

/* Begin PBXShellScriptBuildPhase section */
		1CEA8E82FAA38743A9076A87 /* [CP] Check Pods Manifest.lock */ = {
			isa = PBXShellScriptBuildPhase;
			buildActionMask = 2147483647;
			files = (
			);
			inputFileListPaths = (
			);
			inputPaths = (
				"${PODS_PODFILE_DIR_PATH}/Podfile.lock",
				"${PODS_ROOT}/Manifest.lock",
			);
			name = "[CP] Check Pods Manifest.lock";
			outputFileListPaths = (
			);
			outputPaths = (
				"$(DERIVED_FILE_DIR)/Pods-Whats The Score Tests-checkManifestLockResult.txt",
			);
			runOnlyForDeploymentPostprocessing = 0;
			shellPath = /bin/sh;
			shellScript = "diff \"${PODS_PODFILE_DIR_PATH}/Podfile.lock\" \"${PODS_ROOT}/Manifest.lock\" > /dev/null\nif [ $? != 0 ] ; then\n    # print error to STDERR\n    echo \"error: The sandbox is not in sync with the Podfile.lock. Run 'pod install' or update your CocoaPods installation.\" >&2\n    exit 1\nfi\n# This output is used by Xcode 'outputs' to avoid re-running this script phase.\necho \"SUCCESS\" > \"${SCRIPT_OUTPUT_FILE_0}\"\n";
			showEnvVarsInLog = 0;
		};
		242029EB2B520C15004F89EB /* ShellScript */ = {
			isa = PBXShellScriptBuildPhase;
			alwaysOutOfDate = 1;
			buildActionMask = 12;
			files = (
			);
			inputFileListPaths = (
			);
			inputPaths = (
			);
			outputFileListPaths = (
			);
			outputPaths = (
			);
			runOnlyForDeploymentPostprocessing = 0;
			shellPath = /bin/sh;
			shellScript = "if which \"${PODS_ROOT}/SwiftLint/swiftlint\" >/dev/null; then\n    \"${PODS_ROOT}/SwiftLint/swiftlint\"\n    exit 0\nelse\n    echo \"warning: SwiftLint not installed, download from https://github.com/realm/SwiftLint\"\nfi\n";
		};
		4214FB06A01E1F1734FDA97F /* [CP] Check Pods Manifest.lock */ = {
			isa = PBXShellScriptBuildPhase;
			buildActionMask = 2147483647;
			files = (
			);
			inputFileListPaths = (
			);
			inputPaths = (
				"${PODS_PODFILE_DIR_PATH}/Podfile.lock",
				"${PODS_ROOT}/Manifest.lock",
			);
			name = "[CP] Check Pods Manifest.lock";
			outputFileListPaths = (
			);
			outputPaths = (
				"$(DERIVED_FILE_DIR)/Pods-Whats The Score-checkManifestLockResult.txt",
			);
			runOnlyForDeploymentPostprocessing = 0;
			shellPath = /bin/sh;
			shellScript = "diff \"${PODS_PODFILE_DIR_PATH}/Podfile.lock\" \"${PODS_ROOT}/Manifest.lock\" > /dev/null\nif [ $? != 0 ] ; then\n    # print error to STDERR\n    echo \"error: The sandbox is not in sync with the Podfile.lock. Run 'pod install' or update your CocoaPods installation.\" >&2\n    exit 1\nfi\n# This output is used by Xcode 'outputs' to avoid re-running this script phase.\necho \"SUCCESS\" > \"${SCRIPT_OUTPUT_FILE_0}\"\n";
			showEnvVarsInLog = 0;
		};
/* End PBXShellScriptBuildPhase section */

/* Begin PBXSourcesBuildPhase section */
		2437F6DB2B40AAE000BB75A1 /* Sources */ = {
			isa = PBXSourcesBuildPhase;
			buildActionMask = 2147483647;
			files = (
				2426156E2B59DF360092B145 /* UITableViewExtensions.swift in Sources */,
				243228E22B4EFD1100C42C62 /* DismissingTextFieldDelegate.swift in Sources */,
				243228CE2B4DB48900C42C62 /* PlayerSetupPlayerTableViewCell.swift in Sources */,
				24BD233E2B56DE9E000FCBE4 /* ArrayExtensions.swift in Sources */,
				24A423482B45BF3F0047CCD3 /* PlayerSetupPositionTableViewDelegate.swift in Sources */,
				2426156A2B59C4500092B145 /* ScoreboardViewController.swift in Sources */,
				244A46392B5AD9C60033199F /* ScoreboardViewModel.swift in Sources */,
				24A423412B45BDFB0047CCD3 /* PlayerSetupPlayerTableViewDelegate.swift in Sources */,
				24D68E182B505FB700AD35AC /* PlayerSetupNameTextFieldDelegate.swift in Sources */,
				24A4233C2B45B8420047CCD3 /* PlayerSetupViewModel.swift in Sources */,
				243228D72B4DBD8600C42C62 /* Player.swift in Sources */,
				2437F70A2B40BF2F00BB75A1 /* GeneralMocks.swift in Sources */,
				2437F6E32B40AAE000BB75A1 /* AppDelegate.swift in Sources */,
				2437F70F2B40C09500BB75A1 /* GameSetupViewController.swift in Sources */,
				2437F6E52B40AAE000BB75A1 /* SceneDelegate.swift in Sources */,
				2410F71D2B55970F00860BA4 /* RootNavigationController.swift in Sources */,
				24240EDD2B486EB10082CCD3 /* PlayerSetupPositionTableViewCell.swift in Sources */,
				2437F71F2B40D11500BB75A1 /* GameSetupViewModel.swift in Sources */,
				2437F6F72B40BA6600BB75A1 /* HomeViewController.swift in Sources */,
				2437F7242B40D32800BB75A1 /* GameSettings.swift in Sources */,
				2410F71A2B5596D200860BA4 /* ViewControllerExtensions.swift in Sources */,
				24EC1D7C2B44CC600060D27D /* PlayerSetupViewController.swift in Sources */,
			);
			runOnlyForDeploymentPostprocessing = 0;
		};
		2437F6FA2B40BB1500BB75A1 /* Sources */ = {
			isa = PBXSourcesBuildPhase;
			buildActionMask = 2147483647;
			files = (
				243228D42B4DBCD700C42C62 /* PlayerTests.swift in Sources */,
				24BD23432B56DFF4000FCBE4 /* ArrayExtensionsTests.swift in Sources */,
				242615702B59E0BF0092B145 /* UITableViewExtensionsTests.swift in Sources */,
				24A4233E2B45B84B0047CCD3 /* PlayerSetupViewModelTests.swift in Sources */,
				244A46362B5AD8DF0033199F /* ScoreboardViewControllerTests.swift in Sources */,
				243228E12B4EFC3000C42C62 /* DismissingTextFieldDelegateTests.swift in Sources */,
				2437F70B2B40BF2F00BB75A1 /* GeneralMocks.swift in Sources */,
				24A423462B45BF390047CCD3 /* PlayerSetupPositionTableViewDelegateTests.swift in Sources */,
				2437F7112B40C0AA00BB75A1 /* GameSetupViewControllerTests.swift in Sources */,
				244A463B2B5AD9CE0033199F /* ScoreboardViewModelTests.swift in Sources */,
				24A423432B45BE050047CCD3 /* PlayerSetupPlayerTableViewDelegateTests.swift in Sources */,
				2437F7072B40BB1B00BB75A1 /* HomeViewControllerTests.swift in Sources */,
				2437F7212B40D12200BB75A1 /* GameSetupViewModelTests.swift in Sources */,
				24EC1D7E2B44CC6F0060D27D /* PlayerSetupViewControllerTests.swift in Sources */,
				24D68E1A2B505FCD00AD35AC /* PlayerSetupNameTextFieldDelegateTests.swift in Sources */,
				243228D92B4EEE2800C42C62 /* PlayerSetupPlayerTableViewCellTests.swift in Sources */,
				2410F71F2B55972F00860BA4 /* RootNavigationControllerTests.swift in Sources */,
			);
			runOnlyForDeploymentPostprocessing = 0;
		};
/* End PBXSourcesBuildPhase section */

/* Begin PBXTargetDependency section */
		2437F7032B40BB1500BB75A1 /* PBXTargetDependency */ = {
			isa = PBXTargetDependency;
			target = 2437F6DE2B40AAE000BB75A1 /* Whats The Score */;
			targetProxy = 2437F7022B40BB1500BB75A1 /* PBXContainerItemProxy */;
		};
/* End PBXTargetDependency section */

/* Begin PBXVariantGroup section */
		2437F6E82B40AAE000BB75A1 /* Main.storyboard */ = {
			isa = PBXVariantGroup;
			children = (
				2437F6E92B40AAE000BB75A1 /* Base */,
			);
			name = Main.storyboard;
			sourceTree = "<group>";
		};
		2437F6ED2B40AAE100BB75A1 /* LaunchScreen.storyboard */ = {
			isa = PBXVariantGroup;
			children = (
				2437F6EE2B40AAE100BB75A1 /* Base */,
			);
			name = LaunchScreen.storyboard;
			sourceTree = "<group>";
		};
/* End PBXVariantGroup section */

/* Begin XCBuildConfiguration section */
		2437F6F12B40AAE100BB75A1 /* Debug */ = {
			isa = XCBuildConfiguration;
			buildSettings = {
				ALWAYS_SEARCH_USER_PATHS = NO;
				ASSETCATALOG_COMPILER_GENERATE_SWIFT_ASSET_SYMBOL_EXTENSIONS = YES;
				CLANG_ANALYZER_NONNULL = YES;
				CLANG_ANALYZER_NUMBER_OBJECT_CONVERSION = YES_AGGRESSIVE;
				CLANG_CXX_LANGUAGE_STANDARD = "gnu++20";
				CLANG_ENABLE_MODULES = YES;
				CLANG_ENABLE_OBJC_ARC = YES;
				CLANG_ENABLE_OBJC_WEAK = YES;
				CLANG_WARN_BLOCK_CAPTURE_AUTORELEASING = YES;
				CLANG_WARN_BOOL_CONVERSION = YES;
				CLANG_WARN_COMMA = YES;
				CLANG_WARN_CONSTANT_CONVERSION = YES;
				CLANG_WARN_DEPRECATED_OBJC_IMPLEMENTATIONS = YES;
				CLANG_WARN_DIRECT_OBJC_ISA_USAGE = YES_ERROR;
				CLANG_WARN_DOCUMENTATION_COMMENTS = YES;
				CLANG_WARN_EMPTY_BODY = YES;
				CLANG_WARN_ENUM_CONVERSION = YES;
				CLANG_WARN_INFINITE_RECURSION = YES;
				CLANG_WARN_INT_CONVERSION = YES;
				CLANG_WARN_NON_LITERAL_NULL_CONVERSION = YES;
				CLANG_WARN_OBJC_IMPLICIT_RETAIN_SELF = YES;
				CLANG_WARN_OBJC_LITERAL_CONVERSION = YES;
				CLANG_WARN_OBJC_ROOT_CLASS = YES_ERROR;
				CLANG_WARN_QUOTED_INCLUDE_IN_FRAMEWORK_HEADER = YES;
				CLANG_WARN_RANGE_LOOP_ANALYSIS = YES;
				CLANG_WARN_STRICT_PROTOTYPES = YES;
				CLANG_WARN_SUSPICIOUS_MOVE = YES;
				CLANG_WARN_UNGUARDED_AVAILABILITY = YES_AGGRESSIVE;
				CLANG_WARN_UNREACHABLE_CODE = YES;
				CLANG_WARN__DUPLICATE_METHOD_MATCH = YES;
				COPY_PHASE_STRIP = NO;
				DEBUG_INFORMATION_FORMAT = dwarf;
				ENABLE_STRICT_OBJC_MSGSEND = YES;
				ENABLE_TESTABILITY = YES;
				ENABLE_USER_SCRIPT_SANDBOXING = NO;
				GCC_C_LANGUAGE_STANDARD = gnu11;
				GCC_DYNAMIC_NO_PIC = NO;
				GCC_NO_COMMON_BLOCKS = YES;
				GCC_OPTIMIZATION_LEVEL = 0;
				GCC_PREPROCESSOR_DEFINITIONS = (
					"DEBUG=1",
					"$(inherited)",
				);
				GCC_WARN_64_TO_32_BIT_CONVERSION = YES;
				GCC_WARN_ABOUT_RETURN_TYPE = YES_ERROR;
				GCC_WARN_UNDECLARED_SELECTOR = YES;
				GCC_WARN_UNINITIALIZED_AUTOS = YES_AGGRESSIVE;
				GCC_WARN_UNUSED_FUNCTION = YES;
				GCC_WARN_UNUSED_VARIABLE = YES;
				IPHONEOS_DEPLOYMENT_TARGET = 16.2;
				MTL_ENABLE_DEBUG_INFO = INCLUDE_SOURCE;
				MTL_FAST_MATH = YES;
				ONLY_ACTIVE_ARCH = YES;
				SDKROOT = iphoneos;
				SWIFT_ACTIVE_COMPILATION_CONDITIONS = DEBUG;
				SWIFT_OPTIMIZATION_LEVEL = "-Onone";
			};
			name = Debug;
		};
		2437F6F22B40AAE100BB75A1 /* Release */ = {
			isa = XCBuildConfiguration;
			buildSettings = {
				ALWAYS_SEARCH_USER_PATHS = NO;
				ASSETCATALOG_COMPILER_GENERATE_SWIFT_ASSET_SYMBOL_EXTENSIONS = YES;
				CLANG_ANALYZER_NONNULL = YES;
				CLANG_ANALYZER_NUMBER_OBJECT_CONVERSION = YES_AGGRESSIVE;
				CLANG_CXX_LANGUAGE_STANDARD = "gnu++20";
				CLANG_ENABLE_MODULES = YES;
				CLANG_ENABLE_OBJC_ARC = YES;
				CLANG_ENABLE_OBJC_WEAK = YES;
				CLANG_WARN_BLOCK_CAPTURE_AUTORELEASING = YES;
				CLANG_WARN_BOOL_CONVERSION = YES;
				CLANG_WARN_COMMA = YES;
				CLANG_WARN_CONSTANT_CONVERSION = YES;
				CLANG_WARN_DEPRECATED_OBJC_IMPLEMENTATIONS = YES;
				CLANG_WARN_DIRECT_OBJC_ISA_USAGE = YES_ERROR;
				CLANG_WARN_DOCUMENTATION_COMMENTS = YES;
				CLANG_WARN_EMPTY_BODY = YES;
				CLANG_WARN_ENUM_CONVERSION = YES;
				CLANG_WARN_INFINITE_RECURSION = YES;
				CLANG_WARN_INT_CONVERSION = YES;
				CLANG_WARN_NON_LITERAL_NULL_CONVERSION = YES;
				CLANG_WARN_OBJC_IMPLICIT_RETAIN_SELF = YES;
				CLANG_WARN_OBJC_LITERAL_CONVERSION = YES;
				CLANG_WARN_OBJC_ROOT_CLASS = YES_ERROR;
				CLANG_WARN_QUOTED_INCLUDE_IN_FRAMEWORK_HEADER = YES;
				CLANG_WARN_RANGE_LOOP_ANALYSIS = YES;
				CLANG_WARN_STRICT_PROTOTYPES = YES;
				CLANG_WARN_SUSPICIOUS_MOVE = YES;
				CLANG_WARN_UNGUARDED_AVAILABILITY = YES_AGGRESSIVE;
				CLANG_WARN_UNREACHABLE_CODE = YES;
				CLANG_WARN__DUPLICATE_METHOD_MATCH = YES;
				COPY_PHASE_STRIP = NO;
				DEBUG_INFORMATION_FORMAT = "dwarf-with-dsym";
				ENABLE_NS_ASSERTIONS = NO;
				ENABLE_STRICT_OBJC_MSGSEND = YES;
				ENABLE_USER_SCRIPT_SANDBOXING = NO;
				GCC_C_LANGUAGE_STANDARD = gnu11;
				GCC_NO_COMMON_BLOCKS = YES;
				GCC_WARN_64_TO_32_BIT_CONVERSION = YES;
				GCC_WARN_ABOUT_RETURN_TYPE = YES_ERROR;
				GCC_WARN_UNDECLARED_SELECTOR = YES;
				GCC_WARN_UNINITIALIZED_AUTOS = YES_AGGRESSIVE;
				GCC_WARN_UNUSED_FUNCTION = YES;
				GCC_WARN_UNUSED_VARIABLE = YES;
				IPHONEOS_DEPLOYMENT_TARGET = 16.2;
				MTL_ENABLE_DEBUG_INFO = NO;
				MTL_FAST_MATH = YES;
				SDKROOT = iphoneos;
				SWIFT_COMPILATION_MODE = wholemodule;
				SWIFT_OPTIMIZATION_LEVEL = "-O";
				VALIDATE_PRODUCT = YES;
			};
			name = Release;
		};
		2437F6F42B40AAE100BB75A1 /* Debug */ = {
			isa = XCBuildConfiguration;
			baseConfigurationReference = 4F0EB3F0D4A8B52B3402D807 /* Pods-Whats The Score.debug.xcconfig */;
			buildSettings = {
				ASSETCATALOG_COMPILER_APPICON_NAME = AppIcon;
				ASSETCATALOG_COMPILER_GLOBAL_ACCENT_COLOR_NAME = AccentColor;
				CODE_SIGN_STYLE = Automatic;
				CURRENT_PROJECT_VERSION = 1;
				DEVELOPMENT_TEAM = X39HH6F75Z;
				ENABLE_USER_SCRIPT_SANDBOXING = NO;
				GENERATE_INFOPLIST_FILE = YES;
				INFOPLIST_FILE = "Whats The Score/Info.plist";
				INFOPLIST_KEY_UIApplicationSupportsIndirectInputEvents = YES;
				INFOPLIST_KEY_UILaunchStoryboardName = LaunchScreen;
				INFOPLIST_KEY_UIMainStoryboardFile = Main;
				INFOPLIST_KEY_UISupportedInterfaceOrientations_iPad = "UIInterfaceOrientationPortrait UIInterfaceOrientationPortraitUpsideDown UIInterfaceOrientationLandscapeLeft UIInterfaceOrientationLandscapeRight";
				INFOPLIST_KEY_UISupportedInterfaceOrientations_iPhone = "UIInterfaceOrientationPortrait UIInterfaceOrientationLandscapeLeft UIInterfaceOrientationLandscapeRight";
				IPHONEOS_DEPLOYMENT_TARGET = 16.0;
				LD_RUNPATH_SEARCH_PATHS = (
					"$(inherited)",
					"@executable_path/Frameworks",
				);
				MARKETING_VERSION = 1.0;
				PRODUCT_BUNDLE_IDENTIFIER = "com.curtmcccune.Whats-The-Score";
				PRODUCT_NAME = "$(TARGET_NAME)";
				SWIFT_EMIT_LOC_STRINGS = YES;
				SWIFT_VERSION = 5.0;
				TARGETED_DEVICE_FAMILY = "1,2";
			};
			name = Debug;
		};
		2437F6F52B40AAE100BB75A1 /* Release */ = {
			isa = XCBuildConfiguration;
			baseConfigurationReference = 9AC74366CAA063ABF7248ADA /* Pods-Whats The Score.release.xcconfig */;
			buildSettings = {
				ASSETCATALOG_COMPILER_APPICON_NAME = AppIcon;
				ASSETCATALOG_COMPILER_GLOBAL_ACCENT_COLOR_NAME = AccentColor;
				CODE_SIGN_STYLE = Automatic;
				CURRENT_PROJECT_VERSION = 1;
				DEVELOPMENT_TEAM = X39HH6F75Z;
				ENABLE_USER_SCRIPT_SANDBOXING = NO;
				GENERATE_INFOPLIST_FILE = YES;
				INFOPLIST_FILE = "Whats The Score/Info.plist";
				INFOPLIST_KEY_UIApplicationSupportsIndirectInputEvents = YES;
				INFOPLIST_KEY_UILaunchStoryboardName = LaunchScreen;
				INFOPLIST_KEY_UIMainStoryboardFile = Main;
				INFOPLIST_KEY_UISupportedInterfaceOrientations_iPad = "UIInterfaceOrientationPortrait UIInterfaceOrientationPortraitUpsideDown UIInterfaceOrientationLandscapeLeft UIInterfaceOrientationLandscapeRight";
				INFOPLIST_KEY_UISupportedInterfaceOrientations_iPhone = "UIInterfaceOrientationPortrait UIInterfaceOrientationLandscapeLeft UIInterfaceOrientationLandscapeRight";
				IPHONEOS_DEPLOYMENT_TARGET = 16.0;
				LD_RUNPATH_SEARCH_PATHS = (
					"$(inherited)",
					"@executable_path/Frameworks",
				);
				MARKETING_VERSION = 1.0;
				PRODUCT_BUNDLE_IDENTIFIER = "com.curtmcccune.Whats-The-Score";
				PRODUCT_NAME = "$(TARGET_NAME)";
				SWIFT_EMIT_LOC_STRINGS = YES;
				SWIFT_VERSION = 5.0;
				TARGETED_DEVICE_FAMILY = "1,2";
			};
			name = Release;
		};
		2437F7052B40BB1500BB75A1 /* Debug */ = {
			isa = XCBuildConfiguration;
			baseConfigurationReference = 5E23E379F3019C31CB9C4FD9 /* Pods-Whats The Score Tests.debug.xcconfig */;
			buildSettings = {
				BUNDLE_LOADER = "$(TEST_HOST)";
				CODE_SIGN_STYLE = Automatic;
				CURRENT_PROJECT_VERSION = 1;
				DEVELOPMENT_TEAM = X39HH6F75Z;
				GENERATE_INFOPLIST_FILE = YES;
				MARKETING_VERSION = 1.0;
				PRODUCT_BUNDLE_IDENTIFIER = "com.curtmcccune.Whats-The-Score-Tests";
				PRODUCT_NAME = "$(TARGET_NAME)";
				SWIFT_EMIT_LOC_STRINGS = NO;
				SWIFT_VERSION = 5.0;
				TARGETED_DEVICE_FAMILY = "1,2";
				TEST_HOST = "$(BUILT_PRODUCTS_DIR)/Whats The Score.app/$(BUNDLE_EXECUTABLE_FOLDER_PATH)/Whats The Score";
			};
			name = Debug;
		};
		2437F7062B40BB1500BB75A1 /* Release */ = {
			isa = XCBuildConfiguration;
			baseConfigurationReference = DFB82E9C1E6D0AF22EE0C5E0 /* Pods-Whats The Score Tests.release.xcconfig */;
			buildSettings = {
				BUNDLE_LOADER = "$(TEST_HOST)";
				CODE_SIGN_STYLE = Automatic;
				CURRENT_PROJECT_VERSION = 1;
				DEVELOPMENT_TEAM = X39HH6F75Z;
				GENERATE_INFOPLIST_FILE = YES;
				MARKETING_VERSION = 1.0;
				PRODUCT_BUNDLE_IDENTIFIER = "com.curtmcccune.Whats-The-Score-Tests";
				PRODUCT_NAME = "$(TARGET_NAME)";
				SWIFT_EMIT_LOC_STRINGS = NO;
				SWIFT_VERSION = 5.0;
				TARGETED_DEVICE_FAMILY = "1,2";
				TEST_HOST = "$(BUILT_PRODUCTS_DIR)/Whats The Score.app/$(BUNDLE_EXECUTABLE_FOLDER_PATH)/Whats The Score";
			};
			name = Release;
		};
/* End XCBuildConfiguration section */

/* Begin XCConfigurationList section */
		2437F6DA2B40AAE000BB75A1 /* Build configuration list for PBXProject "Whats The Score" */ = {
			isa = XCConfigurationList;
			buildConfigurations = (
				2437F6F12B40AAE100BB75A1 /* Debug */,
				2437F6F22B40AAE100BB75A1 /* Release */,
			);
			defaultConfigurationIsVisible = 0;
			defaultConfigurationName = Release;
		};
		2437F6F32B40AAE100BB75A1 /* Build configuration list for PBXNativeTarget "Whats The Score" */ = {
			isa = XCConfigurationList;
			buildConfigurations = (
				2437F6F42B40AAE100BB75A1 /* Debug */,
				2437F6F52B40AAE100BB75A1 /* Release */,
			);
			defaultConfigurationIsVisible = 0;
			defaultConfigurationName = Release;
		};
		2437F7042B40BB1500BB75A1 /* Build configuration list for PBXNativeTarget "Whats The Score Tests" */ = {
			isa = XCConfigurationList;
			buildConfigurations = (
				2437F7052B40BB1500BB75A1 /* Debug */,
				2437F7062B40BB1500BB75A1 /* Release */,
			);
			defaultConfigurationIsVisible = 0;
			defaultConfigurationName = Release;
		};
/* End XCConfigurationList section */
	};
	rootObject = 2437F6D72B40AAE000BB75A1 /* Project object */;
}
